{"version":4,"terraform_version":"1.9.0","serial":1,"lineage":"d74b5572-1265-f465-4ee5-a459a143229f","outputs":{"hello_world":{"value":"Hello, World!","type":"string"},"test_output":{"value":"test_value","type":"string"}},"resources":[{"mode":"managed","type":"local_file","name":"example","provider":"provider[\"registry.opentofu.org/hashicorp/local\"]","instances":[{"schema_version":0,"attributes":{"content":"This is an example file created by OpenTofu","content_base64":null,"content_base64sha256":"fsCC8WQAJHj4O7GtWfe9//WxsC/OjrFoydWn78pkMEY=","content_base64sha512":"DRYKsyp6GJoEppxbP0FTGaNNLDg61GKo1ACL1R9gElkZqvdDcAHj0QgwZ3u/1gCLixoBB3CatsqF3pyehE3Q0A==","content_md5":"8338546b966ac951f102ef48dba97bd5","content_sha1":"6e15805e1383a91ef3c3af7be52b45512399c54b","content_sha256":"7ec082f164002478f83bb1ad59f7bdfff5b1b02fce8eb168c9d5a7efca643046","content_sha512":"0d160ab32a7a189a04a69c5b3f415319a34d2c383ad462a8d4008bd51f60125919aaf7437001e3d10830677bbfd6008b8b1a0107709ab6ca85de9c9e844dd0d0","directory_permission":"0777","file_permission":"0777","filename":"./example.txt","id":"6e15805e1383a91ef3c3af7be52b45512399c54b","sensitive_content":null,"source":null},"sensitive_attributes":[[{"type":"get_attr","value":"sensitive_content"}]]}]}],"check_results":null}
